// !$*UTF8*$!
{
	archiveVersion = 1;
	classes = {
	};
	objectVersion = 77;
	objects = {

/* Begin PBXBuildFile section */
		010F37ED32B493405CDD9E13 /* Assets.xcassets in Resources */ = {isa = PBXBuildFile; fileRef = 645B2119A1C8D2580C846E76 /* Assets.xcassets */; };
		01C1F5013CB7F74BB195A338 /* SettingsView.swift in Sources */ = {isa = PBXBuildFile; fileRef = AA9879EDE24AFAC87CAD2115 /* SettingsView.swift */; };
		020EFE218FCA1930CF633158 /* Animator.swift in Sources */ = {isa = PBXBuildFile; fileRef = 06E7D219691253BEF19C7E27 /* Animator.swift */; };
		0729DF98DC444BCCE7BAA498 /* SharedStore.swift in Sources */ = {isa = PBXBuildFile; fileRef = EE94564E30BE79843399CD6E /* SharedStore.swift */; };
		0CFF9AE612870FCAF45787E7 /* Notifier.swift in Sources */ = {isa = PBXBuildFile; fileRef = F890802C0E73F02557F20D11 /* Notifier.swift */; };
		19C8125C8D2FDF156FE55DD9 /* CatBody.swift in Sources */ = {isa = PBXBuildFile; fileRef = E429FD45865D9B1D7DB80B5F /* CatBody.swift */; };
		1A0448874E086CCF76901F7B /* CatPanel.swift in Sources */ = {isa = PBXBuildFile; fileRef = 25FF64F4E664B51BA8447D98 /* CatPanel.swift */; };
		1F066BD3FE11C8D7C078A4DF /* Needs.swift in Sources */ = {isa = PBXBuildFile; fileRef = D3652F6C6B073D872565A8FE /* Needs.swift */; };
		251095C72F2BB857F4E8B953 /* MenuBar.swift in Sources */ = {isa = PBXBuildFile; fileRef = 32FE46A8C1B2FE4FD3AFCEB3 /* MenuBar.swift */; };
		31A8FCD89EDA23BC6B7BD1E1 /* AgnesClient.swift in Sources */ = {isa = PBXBuildFile; fileRef = 6E09218F54A3553B6659F9FB /* AgnesClient.swift */; };
		3B02EC3696C598CF4A0F6078 /* CatCoat.swift in Sources */ = {isa = PBXBuildFile; fileRef = 0551F7DA9ABAF08C238C9474 /* CatCoat.swift */; };
		3E1F62860F1BB136D7C93133 /* SharedStore.swift in Sources */ = {isa = PBXBuildFile; fileRef = EE94564E30BE79843399CD6E /* SharedStore.swift */; };
		3E75D5FFC8F5ACD3E815D452 /* CatPose.swift in Sources */ = {isa = PBXBuildFile; fileRef = 454DEC77EA579ADECC83A184 /* CatPose.swift */; };
		4C37532A82962BE702536787 /* SceneDirector.swift in Sources */ = {isa = PBXBuildFile; fileRef = 8661C1474483A6E345DF260C /* SceneDirector.swift */; };
		55D6195000210A0687C98ACA /* CatWidget.swift in Sources */ = {isa = PBXBuildFile; fileRef = 705C281185EE5EBC49376828 /* CatWidget.swift */; };
		5711E8DA976E0D43BCEB1E45 /* WorldTests.swift in Sources */ = {isa = PBXBuildFile; fileRef = C04813511281B0340B11B271 /* WorldTests.swift */; };
		59C08FA0E842F40127037ADB /* WindowNudger.swift in Sources */ = {isa = PBXBuildFile; fileRef = 08D2DFC4397B1BC04033B12E /* WindowNudger.swift */; };
		5A48C5D4C53F29E099AA3252 /* CalendarSense.swift in Sources */ = {isa = PBXBuildFile; fileRef = 025E38C9D79D77634A8ADCBA /* CalendarSense.swift */; };
		641438ABD56B2BA12268AE47 /* Geometry.swift in Sources */ = {isa = PBXBuildFile; fileRef = 68505F4B64BBB92CCBCC743C /* Geometry.swift */; };
		6FD879914BD9317B20ABD25B /* Geometry.swift in Sources */ = {isa = PBXBuildFile; fileRef = 68505F4B64BBB92CCBCC743C /* Geometry.swift */; };
		717D7E1723A10314EB0A66A1 /* TailChain.swift in Sources */ = {isa = PBXBuildFile; fileRef = 0EB9171E07C89B61CABFCD05 /* TailChain.swift */; };
		71E86EA278EE115C32DB7FDB /* AppMain.swift in Sources */ = {isa = PBXBuildFile; fileRef = 29F85264F89EEDBB5789B586 /* AppMain.swift */; };
		889F01536F8A53E5D8251BE2 /* CatRig.swift in Sources */ = {isa = PBXBuildFile; fileRef = 27B6020AD6CD66D61DB69D64 /* CatRig.swift */; };
		88B92A0C06444C8C3DF676AA /* Ballistics.swift in Sources */ = {isa = PBXBuildFile; fileRef = CBA1B5FF186816158D7036AD /* Ballistics.swift */; };
		8A1464F4E2B57CBB43142797 /* Needs.swift in Sources */ = {isa = PBXBuildFile; fileRef = D3652F6C6B073D872565A8FE /* Needs.swift */; };
		8C8F988164F0FF5F6D2945D1 /* BubblePanel.swift in Sources */ = {isa = PBXBuildFile; fileRef = 8E3721F0326622A11565F821 /* BubblePanel.swift */; };
		8D7C79EAA8222689E9FE08BD /* Fly.swift in Sources */ = {isa = PBXBuildFile; fileRef = B2A4749237A4A6999A5CF59D /* Fly.swift */; };
		8F6AC457EDB42375A7D569EF /* SystemSense.swift in Sources */ = {isa = PBXBuildFile; fileRef = 981590D83F4DBD6086C216E6 /* SystemSense.swift */; };
		8FB6F80137F832D587BCEB59 /* SightSense.swift in Sources */ = {isa = PBXBuildFile; fileRef = C88254736B825715F9EE7F59 /* SightSense.swift */; };
		8FF95D065ECDB25D89DFE88B /* CatIntents.swift in Sources */ = {isa = PBXBuildFile; fileRef = 56E1AE44B70A844B6F8F6C6C /* CatIntents.swift */; };
		950524D980E590D7AC5A1B04 /* WindowScanner.swift in Sources */ = {isa = PBXBuildFile; fileRef = CDB850314ABC839F8E6931AB /* WindowScanner.swift */; };
		9B4708178EB9A76833091768 /* CatVoice.swift in Sources */ = {isa = PBXBuildFile; fileRef = F384C76C4B6A3A5C5FBB2755 /* CatVoice.swift */; };
		9FAEC4BC7E880D1AB8BE2F6A /* WeatherSense.swift in Sources */ = {isa = PBXBuildFile; fileRef = 7E689B5C7A1355409F3C4F9E /* WeatherSense.swift */; };
		AF654C8F183A174AE93AFFA9 /* CatSettings.swift in Sources */ = {isa = PBXBuildFile; fileRef = 8DE5D9B4BE075CB84577CFE7 /* CatSettings.swift */; };
		B1CC8C53BCB6DEB7C1C9D67B /* Visitors.swift in Sources */ = {isa = PBXBuildFile; fileRef = 0C375D2914A0C294CCBB78C9 /* Visitors.swift */; };
		B5A169109AF7FE6B0FD4CF1F /* TailChain.swift in Sources */ = {isa = PBXBuildFile; fileRef = 0EB9171E07C89B61CABFCD05 /* TailChain.swift */; };
		B5CE1792D376B866497C1AF7 /* WorldModel.swift in Sources */ = {isa = PBXBuildFile; fileRef = 582F30CCCC74B840616D709E /* WorldModel.swift */; };
		B7BC910082C0781FAA4A967F /* CatController.swift in Sources */ = {isa = PBXBuildFile; fileRef = BEBB757F04D9D957C438ED03 /* CatController.swift */; };
		BD78A850436FFFA407F8F61B /* Brain.swift in Sources */ = {isa = PBXBuildFile; fileRef = 2932A4D2D700A387FDD76FAF /* Brain.swift */; };
		C500F5EF2B15E679B17F2343 /* CatRig.swift in Sources */ = {isa = PBXBuildFile; fileRef = 27B6020AD6CD66D61DB69D64 /* CatRig.swift */; };
		CA3129DE9EB777148E29886B /* ThoughtText.swift in Sources */ = {isa = PBXBuildFile; fileRef = 2919EFA538D54EAEBE388D09 /* ThoughtText.swift */; };
		D473F61C567342430D25A3AA /* Ballistics.swift in Sources */ = {isa = PBXBuildFile; fileRef = CBA1B5FF186816158D7036AD /* Ballistics.swift */; };
		D5073307DB3B7FC60C513380 /* CatPose.swift in Sources */ = {isa = PBXBuildFile; fileRef = 454DEC77EA579ADECC83A184 /* CatPose.swift */; };
		DCE19018D18237107C2B74FE /* ScreenSense.swift in Sources */ = {isa = PBXBuildFile; fileRef = 949D81477D4C2C1421927028 /* ScreenSense.swift */; };
		DF0A8511806D67C22B2FCC9D /* Navigator.swift in Sources */ = {isa = PBXBuildFile; fileRef = 6FB1F73E4EBB77F7A5EBD0CC /* Navigator.swift */; };
		E4BB2C66272CE31F8B191811 /* ThoughtText.swift in Sources */ = {isa = PBXBuildFile; fileRef = 2919EFA538D54EAEBE388D09 /* ThoughtText.swift */; };
		E8432BC64DE9B66105083D21 /* CatShortcuts.swift in Sources */ = {isa = PBXBuildFile; fileRef = DE1F6C48276CBC1AF843B073 /* CatShortcuts.swift */; };
		E866420C68EAF508D14CBBE6 /* CatCoat.swift in Sources */ = {isa = PBXBuildFile; fileRef = 0551F7DA9ABAF08C238C9474 /* CatCoat.swift */; };
		EC20D01456423E86B1FF5768 /* CatIntents.swift in Sources */ = {isa = PBXBuildFile; fileRef = 56E1AE44B70A844B6F8F6C6C /* CatIntents.swift */; };
		F1469E5B1B9DF0AF44A608B0 /* HearingSense.swift in Sources */ = {isa = PBXBuildFile; fileRef = 078BC107B0120EF06A8BEC6A /* HearingSense.swift */; };
		F16BA288A9C0A72B00BAD003 /* ThoughtEngine.swift in Sources */ = {isa = PBXBuildFile; fileRef = CE9E828911B21BD6F3F62176 /* ThoughtEngine.swift */; };
		F2EF36FFA436988F45A93047 /* TheBlackCatWidget.appex in Embed Foundation Extensions */ = {isa = PBXBuildFile; fileRef = 456AB52FC0068C991361F6E3 /* TheBlackCatWidget.appex */; settings = {ATTRIBUTES = (RemoveHeadersOnCopy, ); }; };
		FC8DCAC3F321874FA771E3E9 /* WorldModel.swift in Sources */ = {isa = PBXBuildFile; fileRef = 582F30CCCC74B840616D709E /* WorldModel.swift */; };
/* End PBXBuildFile section */

/* Begin PBXContainerItemProxy section */
		559246106B36B24D153E8612 /* PBXContainerItemProxy */ = {
			isa = PBXContainerItemProxy;
			containerPortal = F2FFD42B0EA077B134093900 /* Project object */;
			proxyType = 1;
			remoteGlobalIDString = 4F302E275A15ED0A09CD3912;
			remoteInfo = TheBlackCatWidget;
		};
/* End PBXContainerItemProxy section */

/* Begin PBXCopyFilesBuildPhase section */
		CB2DE92645E79218C09E146E /* Embed Foundation Extensions */ = {
			isa = PBXCopyFilesBuildPhase;
			buildActionMask = 2147483647;
			dstPath = "";
			dstSubfolderSpec = 13;
			files = (
				F2EF36FFA436988F45A93047 /* TheBlackCatWidget.appex in Embed Foundation Extensions */,
			);
			name = "Embed Foundation Extensions";
			runOnlyForDeploymentPostprocessing = 0;
		};
/* End PBXCopyFilesBuildPhase section */

/* Begin PBXFileReference section */
		025E38C9D79D77634A8ADCBA /* CalendarSense.swift */ = {isa = PBXFileReference; lastKnownFileType = sourcecode.swift; path = CalendarSense.swift; sourceTree = "<group>"; };
		0551F7DA9ABAF08C238C9474 /* CatCoat.swift */ = {isa = PBXFileReference; lastKnownFileType = sourcecode.swift; path = CatCoat.swift; sourceTree = "<group>"; };
		06E7D219691253BEF19C7E27 /* Animator.swift */ = {isa = PBXFileReference; lastKnownFileType = sourcecode.swift; path = Animator.swift; sourceTree = "<group>"; };
		078BC107B0120EF06A8BEC6A /* HearingSense.swift */ = {isa = PBXFileReference; lastKnownFileType = sourcecode.swift; path = HearingSense.swift; sourceTree = "<group>"; };
		08D2DFC4397B1BC04033B12E /* WindowNudger.swift */ = {isa = PBXFileReference; lastKnownFileType = sourcecode.swift; path = WindowNudger.swift; sourceTree = "<group>"; };
		0C375D2914A0C294CCBB78C9 /* Visitors.swift */ = {isa = PBXFileReference; lastKnownFileType = sourcecode.swift; path = Visitors.swift; sourceTree = "<group>"; };
		0EB9171E07C89B61CABFCD05 /* TailChain.swift */ = {isa = PBXFileReference; lastKnownFileType = sourcecode.swift; path = TailChain.swift; sourceTree = "<group>"; };
		25FF64F4E664B51BA8447D98 /* CatPanel.swift */ = {isa = PBXFileReference; lastKnownFileType = sourcecode.swift; path = CatPanel.swift; sourceTree = "<group>"; };
		27B6020AD6CD66D61DB69D64 /* CatRig.swift */ = {isa = PBXFileReference; lastKnownFileType = sourcecode.swift; path = CatRig.swift; sourceTree = "<group>"; };
		2919EFA538D54EAEBE388D09 /* ThoughtText.swift */ = {isa = PBXFileReference; lastKnownFileType = sourcecode.swift; path = ThoughtText.swift; sourceTree = "<group>"; };
		2932A4D2D700A387FDD76FAF /* Brain.swift */ = {isa = PBXFileReference; lastKnownFileType = sourcecode.swift; path = Brain.swift; sourceTree = "<group>"; };
		29F85264F89EEDBB5789B586 /* AppMain.swift */ = {isa = PBXFileReference; lastKnownFileType = sourcecode.swift; path = AppMain.swift; sourceTree = "<group>"; };
		32FE46A8C1B2FE4FD3AFCEB3 /* MenuBar.swift */ = {isa = PBXFileReference; lastKnownFileType = sourcecode.swift; path = MenuBar.swift; sourceTree = "<group>"; };
		454DEC77EA579ADECC83A184 /* CatPose.swift */ = {isa = PBXFileReference; lastKnownFileType = sourcecode.swift; path = CatPose.swift; sourceTree = "<group>"; };
		456AB52FC0068C991361F6E3 /* TheBlackCatWidget.appex */ = {isa = PBXFileReference; explicitFileType = "wrapper.app-extension"; includeInIndex = 0; path = TheBlackCatWidget.appex; sourceTree = BUILT_PRODUCTS_DIR; };
		531B909DE32D782625FF94F4 /* TheBlackCatTests.xctest */ = {isa = PBXFileReference; explicitFileType = wrapper.cfbundle; includeInIndex = 0; path = TheBlackCatTests.xctest; sourceTree = BUILT_PRODUCTS_DIR; };
		56E1AE44B70A844B6F8F6C6C /* CatIntents.swift */ = {isa = PBXFileReference; lastKnownFileType = sourcecode.swift; path = CatIntents.swift; sourceTree = "<group>"; };
		582F30CCCC74B840616D709E /* WorldModel.swift */ = {isa = PBXFileReference; lastKnownFileType = sourcecode.swift; path = WorldModel.swift; sourceTree = "<group>"; };
		645B2119A1C8D2580C846E76 /* Assets.xcassets */ = {isa = PBXFileReference; lastKnownFileType = folder.assetcatalog; path = Assets.xcassets; sourceTree = "<group>"; };
		68505F4B64BBB92CCBCC743C /* Geometry.swift */ = {isa = PBXFileReference; lastKnownFileType = sourcecode.swift; path = Geometry.swift; sourceTree = "<group>"; };
		6E09218F54A3553B6659F9FB /* AgnesClient.swift */ = {isa = PBXFileReference; lastKnownFileType = sourcecode.swift; path = AgnesClient.swift; sourceTree = "<group>"; };
		6FB1F73E4EBB77F7A5EBD0CC /* Navigator.swift */ = {isa = PBXFileReference; lastKnownFileType = sourcecode.swift; path = Navigator.swift; sourceTree = "<group>"; };
		705C281185EE5EBC49376828 /* CatWidget.swift */ = {isa = PBXFileReference; lastKnownFileType = sourcecode.swift; path = CatWidget.swift; sourceTree = "<group>"; };
		7E689B5C7A1355409F3C4F9E /* WeatherSense.swift */ = {isa = PBXFileReference; lastKnownFileType = sourcecode.swift; path = WeatherSense.swift; sourceTree = "<group>"; };
		8661C1474483A6E345DF260C /* SceneDirector.swift */ = {isa = PBXFileReference; lastKnownFileType = sourcecode.swift; path = SceneDirector.swift; sourceTree = "<group>"; };
		8DE5D9B4BE075CB84577CFE7 /* CatSettings.swift */ = {isa = PBXFileReference; lastKnownFileType = sourcecode.swift; path = CatSettings.swift; sourceTree = "<group>"; };
		8E3721F0326622A11565F821 /* BubblePanel.swift */ = {isa = PBXFileReference; lastKnownFileType = sourcecode.swift; path = BubblePanel.swift; sourceTree = "<group>"; };
		949D81477D4C2C1421927028 /* ScreenSense.swift */ = {isa = PBXFileReference; lastKnownFileType = sourcecode.swift; path = ScreenSense.swift; sourceTree = "<group>"; };
		981590D83F4DBD6086C216E6 /* SystemSense.swift */ = {isa = PBXFileReference; lastKnownFileType = sourcecode.swift; path = SystemSense.swift; sourceTree = "<group>"; };
		AA9879EDE24AFAC87CAD2115 /* SettingsView.swift */ = {isa = PBXFileReference; lastKnownFileType = sourcecode.swift; path = SettingsView.swift; sourceTree = "<group>"; };
		AE5B0466F008637B6F3FB071 /* TheBlackCat.app */ = {isa = PBXFileReference; explicitFileType = wrapper.application; includeInIndex = 0; path = TheBlackCat.app; sourceTree = BUILT_PRODUCTS_DIR; };
		B2A4749237A4A6999A5CF59D /* Fly.swift */ = {isa = PBXFileReference; lastKnownFileType = sourcecode.swift; path = Fly.swift; sourceTree = "<group>"; };
		BEBB757F04D9D957C438ED03 /* CatController.swift */ = {isa = PBXFileReference; lastKnownFileType = sourcecode.swift; path = CatController.swift; sourceTree = "<group>"; };
		C04813511281B0340B11B271 /* WorldTests.swift */ = {isa = PBXFileReference; lastKnownFileType = sourcecode.swift; path = WorldTests.swift; sourceTree = "<group>"; };
		C88254736B825715F9EE7F59 /* SightSense.swift */ = {isa = PBXFileReference; lastKnownFileType = sourcecode.swift; path = SightSense.swift; sourceTree = "<group>"; };
		CBA1B5FF186816158D7036AD /* Ballistics.swift */ = {isa = PBXFileReference; lastKnownFileType = sourcecode.swift; path = Ballistics.swift; sourceTree = "<group>"; };
		CDB850314ABC839F8E6931AB /* WindowScanner.swift */ = {isa = PBXFileReference; lastKnownFileType = sourcecode.swift; path = WindowScanner.swift; sourceTree = "<group>"; };
		CE9E828911B21BD6F3F62176 /* ThoughtEngine.swift */ = {isa = PBXFileReference; lastKnownFileType = sourcecode.swift; path = ThoughtEngine.swift; sourceTree = "<group>"; };
		D3652F6C6B073D872565A8FE /* Needs.swift */ = {isa = PBXFileReference; lastKnownFileType = sourcecode.swift; path = Needs.swift; sourceTree = "<group>"; };
		DE1F6C48276CBC1AF843B073 /* CatShortcuts.swift */ = {isa = PBXFileReference; lastKnownFileType = sourcecode.swift; path = CatShortcuts.swift; sourceTree = "<group>"; };
		E429FD45865D9B1D7DB80B5F /* CatBody.swift */ = {isa = PBXFileReference; lastKnownFileType = sourcecode.swift; path = CatBody.swift; sourceTree = "<group>"; };
		EE94564E30BE79843399CD6E /* SharedStore.swift */ = {isa = PBXFileReference; lastKnownFileType = sourcecode.swift; path = SharedStore.swift; sourceTree = "<group>"; };
		F384C76C4B6A3A5C5FBB2755 /* CatVoice.swift */ = {isa = PBXFileReference; lastKnownFileType = sourcecode.swift; path = CatVoice.swift; sourceTree = "<group>"; };
		F890802C0E73F02557F20D11 /* Notifier.swift */ = {isa = PBXFileReference; lastKnownFileType = sourcecode.swift; path = Notifier.swift; sourceTree = "<group>"; };
/* End PBXFileReference section */

/* Begin PBXGroup section */
		1602C0C42055DB758692DBAE /* UI */ = {
			isa = PBXGroup;
			children = (
				8E3721F0326622A11565F821 /* BubblePanel.swift */,
				25FF64F4E664B51BA8447D98 /* CatPanel.swift */,
				32FE46A8C1B2FE4FD3AFCEB3 /* MenuBar.swift */,
				AA9879EDE24AFAC87CAD2115 /* SettingsView.swift */,
			);
			path = UI;
			sourceTree = "<group>";
		};
		16F3CE9A6EA925F491279186 /* Resources */ = {
			isa = PBXGroup;
			children = (
				645B2119A1C8D2580C846E76 /* Assets.xcassets */,
			);
			path = Resources;
			sourceTree = "<group>";
		};
		3ED96893DE2C9B173189FF01 /* Tests */ = {
			isa = PBXGroup;
			children = (
				C04813511281B0340B11B271 /* WorldTests.swift */,
			);
			path = Tests;
			sourceTree = "<group>";
		};
		5122C91C70EC18343F01D528 /* Intents */ = {
			isa = PBXGroup;
			children = (
				DE1F6C48276CBC1AF843B073 /* CatShortcuts.swift */,
			);
			path = Intents;
			sourceTree = "<group>";
		};
		6E68BF810B6876AD23958656 /* Body */ = {
			isa = PBXGroup;
			children = (
				06E7D219691253BEF19C7E27 /* Animator.swift */,
				CBA1B5FF186816158D7036AD /* Ballistics.swift */,
				E429FD45865D9B1D7DB80B5F /* CatBody.swift */,
			);
			path = Body;
			sourceTree = "<group>";
		};
		736BAE0A697438EFB878C253 /* Widget */ = {
			isa = PBXGroup;
			children = (
				705C281185EE5EBC49376828 /* CatWidget.swift */,
			);
			path = Widget;
			sourceTree = "<group>";
		};
		80A3B3254095F25D064B1179 /* Scenes */ = {
			isa = PBXGroup;
			children = (
				8661C1474483A6E345DF260C /* SceneDirector.swift */,
				0C375D2914A0C294CCBB78C9 /* Visitors.swift */,
			);
			path = Scenes;
			sourceTree = "<group>";
		};
		8D4EFBA34CE5DFA50BBF4647 /* Sources */ = {
			isa = PBXGroup;
			children = (
				FB5D4F21587CE3865ADA8930 /* App */,
				6E68BF810B6876AD23958656 /* Body */,
				DA7A201B3BD36B5010D137E1 /* Brain */,
				5122C91C70EC18343F01D528 /* Intents */,
				80A3B3254095F25D064B1179 /* Scenes */,
				9A0EE256592459B718F3D2D3 /* Senses */,
				1602C0C42055DB758692DBAE /* UI */,
				B1755E0985D87BD9E6B7F29B /* Voice */,
				9842B34EBCC49286639FB4C9 /* World */,
			);
			path = Sources;
			sourceTree = "<group>";
		};
		9842B34EBCC49286639FB4C9 /* World */ = {
			isa = PBXGroup;
			children = (
				68505F4B64BBB92CCBCC743C /* Geometry.swift */,
				CDB850314ABC839F8E6931AB /* WindowScanner.swift */,
				582F30CCCC74B840616D709E /* WorldModel.swift */,
			);
			path = World;
			sourceTree = "<group>";
		};
		9A0EE256592459B718F3D2D3 /* Senses */ = {
			isa = PBXGroup;
			children = (
				025E38C9D79D77634A8ADCBA /* CalendarSense.swift */,
				078BC107B0120EF06A8BEC6A /* HearingSense.swift */,
				F890802C0E73F02557F20D11 /* Notifier.swift */,
				949D81477D4C2C1421927028 /* ScreenSense.swift */,
				C88254736B825715F9EE7F59 /* SightSense.swift */,
				981590D83F4DBD6086C216E6 /* SystemSense.swift */,
				7E689B5C7A1355409F3C4F9E /* WeatherSense.swift */,
				08D2DFC4397B1BC04033B12E /* WindowNudger.swift */,
			);
			path = Senses;
			sourceTree = "<group>";
		};
		AA81EE7D30A914EADBEC2338 /* Rig */ = {
			isa = PBXGroup;
			children = (
				0551F7DA9ABAF08C238C9474 /* CatCoat.swift */,
				454DEC77EA579ADECC83A184 /* CatPose.swift */,
				27B6020AD6CD66D61DB69D64 /* CatRig.swift */,
				0EB9171E07C89B61CABFCD05 /* TailChain.swift */,
			);
			path = Rig;
			sourceTree = "<group>";
		};
		B09C979F165909BB68715A5E /* Shared */ = {
			isa = PBXGroup;
			children = (
				56E1AE44B70A844B6F8F6C6C /* CatIntents.swift */,
				EE94564E30BE79843399CD6E /* SharedStore.swift */,
				AA81EE7D30A914EADBEC2338 /* Rig */,
			);
			path = Shared;
			sourceTree = "<group>";
		};
		B1755E0985D87BD9E6B7F29B /* Voice */ = {
			isa = PBXGroup;
			children = (
				F384C76C4B6A3A5C5FBB2755 /* CatVoice.swift */,
			);
			path = Voice;
			sourceTree = "<group>";
		};
		D80DAF90C8440BE07F56CFE1 /* Products */ = {
			isa = PBXGroup;
			children = (
				AE5B0466F008637B6F3FB071 /* TheBlackCat.app */,
				531B909DE32D782625FF94F4 /* TheBlackCatTests.xctest */,
				456AB52FC0068C991361F6E3 /* TheBlackCatWidget.appex */,
			);
			name = Products;
			sourceTree = "<group>";
		};
		DA7A201B3BD36B5010D137E1 /* Brain */ = {
			isa = PBXGroup;
			children = (
				6E09218F54A3553B6659F9FB /* AgnesClient.swift */,
				2932A4D2D700A387FDD76FAF /* Brain.swift */,
				B2A4749237A4A6999A5CF59D /* Fly.swift */,
				6FB1F73E4EBB77F7A5EBD0CC /* Navigator.swift */,
				D3652F6C6B073D872565A8FE /* Needs.swift */,
				CE9E828911B21BD6F3F62176 /* ThoughtEngine.swift */,
				2919EFA538D54EAEBE388D09 /* ThoughtText.swift */,
			);
			path = Brain;
			sourceTree = "<group>";
		};
		EF66A79B704ED59FD37C44D8 = {
			isa = PBXGroup;
			children = (
				16F3CE9A6EA925F491279186 /* Resources */,
				B09C979F165909BB68715A5E /* Shared */,
				8D4EFBA34CE5DFA50BBF4647 /* Sources */,
				3ED96893DE2C9B173189FF01 /* Tests */,
				736BAE0A697438EFB878C253 /* Widget */,
				D80DAF90C8440BE07F56CFE1 /* Products */,
			);
			sourceTree = "<group>";
		};
		FB5D4F21587CE3865ADA8930 /* App */ = {
			isa = PBXGroup;
			children = (
				29F85264F89EEDBB5789B586 /* AppMain.swift */,
				BEBB757F04D9D957C438ED03 /* CatController.swift */,
				8DE5D9B4BE075CB84577CFE7 /* CatSettings.swift */,
			);
			path = App;
			sourceTree = "<group>";
		};
/* End PBXGroup section */

/* Begin PBXNativeTarget section */
		1C14D476B27AE7F0DB91FE66 /* TheBlackCat */ = {
			isa = PBXNativeTarget;
			buildConfigurationList = 59750171038D8C7F928A8D33 /* Build configuration list for PBXNativeTarget "TheBlackCat" */;
			buildPhases = (
				1E20660AB12ED8AB71AB6E21 /* Sources */,
				4D8B862892A97DFC7690018B /* Resources */,
				CB2DE92645E79218C09E146E /* Embed Foundation Extensions */,
			);
			buildRules = (
			);
			dependencies = (
				300899010102AA634593626F /* PBXTargetDependency */,
			);
			name = TheBlackCat;
			packageProductDependencies = (
			);
			productName = TheBlackCat;
			productReference = AE5B0466F008637B6F3FB071 /* TheBlackCat.app */;
			productType = "com.apple.product-type.application";
		};
		4F302E275A15ED0A09CD3912 /* TheBlackCatWidget */ = {
			isa = PBXNativeTarget;
			buildConfigurationList = DBC8C508AAD6FB7FE8610558 /* Build configuration list for PBXNativeTarget "TheBlackCatWidget" */;
			buildPhases = (
				8B4AF86EA8D09EF34F327E6B /* Sources */,
			);
			buildRules = (
			);
			dependencies = (
			);
			name = TheBlackCatWidget;
			packageProductDependencies = (
			);
			productName = TheBlackCatWidget;
			productReference = 456AB52FC0068C991361F6E3 /* TheBlackCatWidget.appex */;
			productType = "com.apple.product-type.app-extension";
		};
		59198F49ACB4920877810D73 /* TheBlackCatTests */ = {
			isa = PBXNativeTarget;
			buildConfigurationList = E901CB867D83E88D07785884 /* Build configuration list for PBXNativeTarget "TheBlackCatTests" */;
			buildPhases = (
				EAD9C097D9E0778EF7A158B2 /* Sources */,
			);
			buildRules = (
			);
			dependencies = (
			);
			name = TheBlackCatTests;
			packageProductDependencies = (
			);
			productName = TheBlackCatTests;
			productReference = 531B909DE32D782625FF94F4 /* TheBlackCatTests.xctest */;
			productType = "com.apple.product-type.bundle.unit-test";
		};
/* End PBXNativeTarget section */

/* Begin PBXProject section */
		F2FFD42B0EA077B134093900 /* Project object */ = {
			isa = PBXProject;
			attributes = {
				BuildIndependentTargetsInParallel = YES;
				LastUpgradeCheck = 1430;
				TargetAttributes = {
					1C14D476B27AE7F0DB91FE66 = {
						DevelopmentTeam = ERAK83QBBM;
						ProvisioningStyle = Automatic;
					};
					4F302E275A15ED0A09CD3912 = {
						DevelopmentTeam = ERAK83QBBM;
						ProvisioningStyle = Automatic;
					};
					59198F49ACB4920877810D73 = {
						DevelopmentTeam = ERAK83QBBM;
						ProvisioningStyle = Automatic;
					};
				};
			};
			buildConfigurationList = CC183EE671DD6548659673F4 /* Build configuration list for PBXProject "TheBlackCat" */;
			developmentRegion = it;
			hasScannedForEncodings = 0;
			knownRegions = (
				Base,
				it,
			);
			mainGroup = EF66A79B704ED59FD37C44D8;
			minimizedProjectReferenceProxies = 1;
			preferredProjectObjectVersion = 77;
			productRefGroup = D80DAF90C8440BE07F56CFE1 /* Products */;
			projectDirPath = "";
			projectRoot = "";
			targets = (
				1C14D476B27AE7F0DB91FE66 /* TheBlackCat */,
				4F302E275A15ED0A09CD3912 /* TheBlackCatWidget */,
				59198F49ACB4920877810D73 /* TheBlackCatTests */,
			);
		};
/* End PBXProject section */

/* Begin PBXResourcesBuildPhase section */
		4D8B862892A97DFC7690018B /* Resources */ = {
			isa = PBXResourcesBuildPhase;
			buildActionMask = 2147483647;
			files = (
				010F37ED32B493405CDD9E13 /* Assets.xcassets in Resources */,
			);
			runOnlyForDeploymentPostprocessing = 0;
		};
/* End PBXResourcesBuildPhase section */

/* Begin PBXSourcesBuildPhase section */
		1E20660AB12ED8AB71AB6E21 /* Sources */ = {
			isa = PBXSourcesBuildPhase;
			buildActionMask = 2147483647;
			files = (
				31A8FCD89EDA23BC6B7BD1E1 /* AgnesClient.swift in Sources */,
				020EFE218FCA1930CF633158 /* Animator.swift in Sources */,
				71E86EA278EE115C32DB7FDB /* AppMain.swift in Sources */,
				D473F61C567342430D25A3AA /* Ballistics.swift in Sources */,
				BD78A850436FFFA407F8F61B /* Brain.swift in Sources */,
				8C8F988164F0FF5F6D2945D1 /* BubblePanel.swift in Sources */,
				5A48C5D4C53F29E099AA3252 /* CalendarSense.swift in Sources */,
				19C8125C8D2FDF156FE55DD9 /* CatBody.swift in Sources */,
				E866420C68EAF508D14CBBE6 /* CatCoat.swift in Sources */,
				B7BC910082C0781FAA4A967F /* CatController.swift in Sources */,
				8FF95D065ECDB25D89DFE88B /* CatIntents.swift in Sources */,
				1A0448874E086CCF76901F7B /* CatPanel.swift in Sources */,
				3E75D5FFC8F5ACD3E815D452 /* CatPose.swift in Sources */,
				C500F5EF2B15E679B17F2343 /* CatRig.swift in Sources */,
				AF654C8F183A174AE93AFFA9 /* CatSettings.swift in Sources */,
				E8432BC64DE9B66105083D21 /* CatShortcuts.swift in Sources */,
				9B4708178EB9A76833091768 /* CatVoice.swift in Sources */,
				8D7C79EAA8222689E9FE08BD /* Fly.swift in Sources */,
				641438ABD56B2BA12268AE47 /* Geometry.swift in Sources */,
				F1469E5B1B9DF0AF44A608B0 /* HearingSense.swift in Sources */,
				251095C72F2BB857F4E8B953 /* MenuBar.swift in Sources */,
				DF0A8511806D67C22B2FCC9D /* Navigator.swift in Sources */,
				8A1464F4E2B57CBB43142797 /* Needs.swift in Sources */,
				0CFF9AE612870FCAF45787E7 /* Notifier.swift in Sources */,
				4C37532A82962BE702536787 /* SceneDirector.swift in Sources */,
				DCE19018D18237107C2B74FE /* ScreenSense.swift in Sources */,
				01C1F5013CB7F74BB195A338 /* SettingsView.swift in Sources */,
				3E1F62860F1BB136D7C93133 /* SharedStore.swift in Sources */,
				8FB6F80137F832D587BCEB59 /* SightSense.swift in Sources */,
				8F6AC457EDB42375A7D569EF /* SystemSense.swift in Sources */,
				B5A169109AF7FE6B0FD4CF1F /* TailChain.swift in Sources */,
				F16BA288A9C0A72B00BAD003 /* ThoughtEngine.swift in Sources */,
				CA3129DE9EB777148E29886B /* ThoughtText.swift in Sources */,
				B1CC8C53BCB6DEB7C1C9D67B /* Visitors.swift in Sources */,
				9FAEC4BC7E880D1AB8BE2F6A /* WeatherSense.swift in Sources */,
				59C08FA0E842F40127037ADB /* WindowNudger.swift in Sources */,
				950524D980E590D7AC5A1B04 /* WindowScanner.swift in Sources */,
				FC8DCAC3F321874FA771E3E9 /* WorldModel.swift in Sources */,
			);
			runOnlyForDeploymentPostprocessing = 0;
		};
		8B4AF86EA8D09EF34F327E6B /* Sources */ = {
			isa = PBXSourcesBuildPhase;
			buildActionMask = 2147483647;
			files = (
				3B02EC3696C598CF4A0F6078 /* CatCoat.swift in Sources */,
				EC20D01456423E86B1FF5768 /* CatIntents.swift in Sources */,
				D5073307DB3B7FC60C513380 /* CatPose.swift in Sources */,
				889F01536F8A53E5D8251BE2 /* CatRig.swift in Sources */,
				55D6195000210A0687C98ACA /* CatWidget.swift in Sources */,
				0729DF98DC444BCCE7BAA498 /* SharedStore.swift in Sources */,
				717D7E1723A10314EB0A66A1 /* TailChain.swift in Sources */,
			);
			runOnlyForDeploymentPostprocessing = 0;
		};
		EAD9C097D9E0778EF7A158B2 /* Sources */ = {
			isa = PBXSourcesBuildPhase;
			buildActionMask = 2147483647;
			files = (
				88B92A0C06444C8C3DF676AA /* Ballistics.swift in Sources */,
				6FD879914BD9317B20ABD25B /* Geometry.swift in Sources */,
				1F066BD3FE11C8D7C078A4DF /* Needs.swift in Sources */,
				E4BB2C66272CE31F8B191811 /* ThoughtText.swift in Sources */,
				B5CE1792D376B866497C1AF7 /* WorldModel.swift in Sources */,
				5711E8DA976E0D43BCEB1E45 /* WorldTests.swift in Sources */,
			);
			runOnlyForDeploymentPostprocessing = 0;
		};
/* End PBXSourcesBuildPhase section */

/* Begin PBXTargetDependency section */
		300899010102AA634593626F /* PBXTargetDependency */ = {
			isa = PBXTargetDependency;
			target = 4F302E275A15ED0A09CD3912 /* TheBlackCatWidget */;
			targetProxy = 559246106B36B24D153E8612 /* PBXContainerItemProxy */;
		};
/* End PBXTargetDependency section */

/* Begin XCBuildConfiguration section */
		025E70BC339FF02439933BE3 /* Debug */ = {
			isa = XCBuildConfiguration;
			buildSettings = {
				BUNDLE_LOADER = "$(TEST_HOST)";
				CODE_SIGN_STYLE = Automatic;
				COMBINE_HIDPI_IMAGES = YES;
				CURRENT_PROJECT_VERSION = 7;
				DEAD_CODE_STRIPPING = YES;
				DEVELOPMENT_TEAM = ERAK83QBBM;
				GENERATE_INFOPLIST_FILE = YES;
				LD_RUNPATH_SEARCH_PATHS = (
					"$(inherited)",
					"@executable_path/../Frameworks",
					"@loader_path/../Frameworks",
				);
				MACOSX_DEPLOYMENT_TARGET = 26.0;
				MARKETING_VERSION = 1.0;
				PRODUCT_BUNDLE_IDENTIFIER = app.andreapiani.theblackcat.tests;
				SDKROOT = macosx;
				SWIFT_VERSION = 5.0;
			};
			name = Debug;
		};
		04B7A1C66C2BCFFC332D0145 /* Release */ = {
			isa = XCBuildConfiguration;
			buildSettings = {
				ALWAYS_SEARCH_USER_PATHS = NO;
				CLANG_ANALYZER_NONNULL = YES;
				CLANG_ANALYZER_NUMBER_OBJECT_CONVERSION = YES_AGGRESSIVE;
				CLANG_CXX_LANGUAGE_STANDARD = "gnu++14";
				CLANG_CXX_LIBRARY = "libc++";
				CLANG_ENABLE_MODULES = YES;
				CLANG_ENABLE_OBJC_ARC = YES;
				CLANG_ENABLE_OBJC_WEAK = YES;
				CLANG_WARN_BLOCK_CAPTURE_AUTORELEASING = YES;
				CLANG_WARN_BOOL_CONVERSION = YES;
				CLANG_WARN_COMMA = YES;
				CLANG_WARN_CONSTANT_CONVERSION = YES;
				CLANG_WARN_DEPRECATED_OBJC_IMPLEMENTATIONS = YES;
				CLANG_WARN_DIRECT_OBJC_ISA_USAGE = YES_ERROR;
				CLANG_WARN_DOCUMENTATION_COMMENTS = YES;
				CLANG_WARN_EMPTY_BODY = YES;
				CLANG_WARN_ENUM_CONVERSION = YES;
				CLANG_WARN_INFINITE_RECURSION = YES;
				CLANG_WARN_INT_CONVERSION = YES;
				CLANG_WARN_NON_LITERAL_NULL_CONVERSION = YES;
				CLANG_WARN_OBJC_IMPLICIT_RETAIN_SELF = YES;
				CLANG_WARN_OBJC_LITERAL_CONVERSION = YES;
				CLANG_WARN_OBJC_ROOT_CLASS = YES_ERROR;
				CLANG_WARN_QUOTED_INCLUDE_IN_FRAMEWORK_HEADER = YES;
				CLANG_WARN_RANGE_LOOP_ANALYSIS = YES;
				CLANG_WARN_STRICT_PROTOTYPES = YES;
				CLANG_WARN_SUSPICIOUS_MOVE = YES;
				CLANG_WARN_UNGUARDED_AVAILABILITY = YES_AGGRESSIVE;
				CLANG_WARN_UNREACHABLE_CODE = YES;
				CLANG_WARN__DUPLICATE_METHOD_MATCH = YES;
				COPY_PHASE_STRIP = NO;
				DEBUG_INFORMATION_FORMAT = "dwarf-with-dsym";
				ENABLE_NS_ASSERTIONS = NO;
				ENABLE_STRICT_OBJC_MSGSEND = YES;
				GCC_C_LANGUAGE_STANDARD = gnu11;
				GCC_NO_COMMON_BLOCKS = YES;
				GCC_WARN_64_TO_32_BIT_CONVERSION = YES;
				GCC_WARN_ABOUT_RETURN_TYPE = YES_ERROR;
				GCC_WARN_UNDECLARED_SELECTOR = YES;
				GCC_WARN_UNINITIALIZED_AUTOS = YES_AGGRESSIVE;
				GCC_WARN_UNUSED_FUNCTION = YES;
				GCC_WARN_UNUSED_VARIABLE = YES;
				MACOSX_DEPLOYMENT_TARGET = 26.0;
				MTL_ENABLE_DEBUG_INFO = NO;
				MTL_FAST_MATH = YES;
				PRODUCT_NAME = "$(TARGET_NAME)";
				SDKROOT = macosx;
				SWIFT_COMPILATION_MODE = wholemodule;
				SWIFT_OPTIMIZATION_LEVEL = "-O";
				SWIFT_VERSION = 5.0;
			};
			name = Release;
		};
		226CF2C165941AB681A661DF /* Release */ = {
			isa = XCBuildConfiguration;
			buildSettings = {
				BUNDLE_LOADER = "$(TEST_HOST)";
				CODE_SIGN_STYLE = Automatic;
				COMBINE_HIDPI_IMAGES = YES;
				CURRENT_PROJECT_VERSION = 7;
				DEAD_CODE_STRIPPING = YES;
				DEVELOPMENT_TEAM = ERAK83QBBM;
				GENERATE_INFOPLIST_FILE = YES;
				LD_RUNPATH_SEARCH_PATHS = (
					"$(inherited)",
					"@executable_path/../Frameworks",
					"@loader_path/../Frameworks",
				);
				MACOSX_DEPLOYMENT_TARGET = 26.0;
				MARKETING_VERSION = 1.0;
				PRODUCT_BUNDLE_IDENTIFIER = app.andreapiani.theblackcat.tests;
				SDKROOT = macosx;
				SWIFT_VERSION = 5.0;
			};
			name = Release;
		};
		3957E3631E8DC9736982D4AD /* Debug */ = {
			isa = XCBuildConfiguration;
			buildSettings = {
				ASSETCATALOG_COMPILER_APPICON_NAME = AppIcon;
				CODE_SIGN_ENTITLEMENTS = Config/TheBlackCat.entitlements;
				CODE_SIGN_STYLE = Automatic;
				COMBINE_HIDPI_IMAGES = YES;
				CURRENT_PROJECT_VERSION = 7;
				DEAD_CODE_STRIPPING = YES;
				DEVELOPMENT_TEAM = ERAK83QBBM;
				ENABLE_HARDENED_RUNTIME = YES;
				INFOPLIST_FILE = Config/Info.plist;
				LD_RUNPATH_SEARCH_PATHS = (
					"$(inherited)",
					"@executable_path/../Frameworks",
				);
				MACOSX_DEPLOYMENT_TARGET = 26.0;
				MARKETING_VERSION = 1.0;
				PRODUCT_BUNDLE_IDENTIFIER = app.andreapiani.theblackcat;
				PRODUCT_MODULE_NAME = TheBlackCat;
				PRODUCT_NAME = "The Black Cat";
				SDKROOT = macosx;
				SWIFT_VERSION = 5.0;
			};
			name = Debug;
		};
		A00B59940B96560D8B9CC4AE /* Debug */ = {
			isa = XCBuildConfiguration;
			buildSettings = {
				ALWAYS_SEARCH_USER_PATHS = NO;
				CLANG_ANALYZER_NONNULL = YES;
				CLANG_ANALYZER_NUMBER_OBJECT_CONVERSION = YES_AGGRESSIVE;
				CLANG_CXX_LANGUAGE_STANDARD = "gnu++14";
				CLANG_CXX_LIBRARY = "libc++";
				CLANG_ENABLE_MODULES = YES;
				CLANG_ENABLE_OBJC_ARC = YES;
				CLANG_ENABLE_OBJC_WEAK = YES;
				CLANG_WARN_BLOCK_CAPTURE_AUTORELEASING = YES;
				CLANG_WARN_BOOL_CONVERSION = YES;
				CLANG_WARN_COMMA = YES;
				CLANG_WARN_CONSTANT_CONVERSION = YES;
				CLANG_WARN_DEPRECATED_OBJC_IMPLEMENTATIONS = YES;
				CLANG_WARN_DIRECT_OBJC_ISA_USAGE = YES_ERROR;
				CLANG_WARN_DOCUMENTATION_COMMENTS = YES;
				CLANG_WARN_EMPTY_BODY = YES;
				CLANG_WARN_ENUM_CONVERSION = YES;
				CLANG_WARN_INFINITE_RECURSION = YES;
				CLANG_WARN_INT_CONVERSION = YES;
				CLANG_WARN_NON_LITERAL_NULL_CONVERSION = YES;
				CLANG_WARN_OBJC_IMPLICIT_RETAIN_SELF = YES;
				CLANG_WARN_OBJC_LITERAL_CONVERSION = YES;
				CLANG_WARN_OBJC_ROOT_CLASS = YES_ERROR;
				CLANG_WARN_QUOTED_INCLUDE_IN_FRAMEWORK_HEADER = YES;
				CLANG_WARN_RANGE_LOOP_ANALYSIS = YES;
				CLANG_WARN_STRICT_PROTOTYPES = YES;
				CLANG_WARN_SUSPICIOUS_MOVE = YES;
				CLANG_WARN_UNGUARDED_AVAILABILITY = YES_AGGRESSIVE;
				CLANG_WARN_UNREACHABLE_CODE = YES;
				CLANG_WARN__DUPLICATE_METHOD_MATCH = YES;
				COPY_PHASE_STRIP = NO;
				DEBUG_INFORMATION_FORMAT = dwarf;
				ENABLE_STRICT_OBJC_MSGSEND = YES;
				ENABLE_TESTABILITY = YES;
				GCC_C_LANGUAGE_STANDARD = gnu11;
				GCC_DYNAMIC_NO_PIC = NO;
				GCC_NO_COMMON_BLOCKS = YES;
				GCC_OPTIMIZATION_LEVEL = 0;
				GCC_PREPROCESSOR_DEFINITIONS = (
					"$(inherited)",
					"DEBUG=1",
				);
				GCC_WARN_64_TO_32_BIT_CONVERSION = YES;
				GCC_WARN_ABOUT_RETURN_TYPE = YES_ERROR;
				GCC_WARN_UNDECLARED_SELECTOR = YES;
				GCC_WARN_UNINITIALIZED_AUTOS = YES_AGGRESSIVE;
				GCC_WARN_UNUSED_FUNCTION = YES;
				GCC_WARN_UNUSED_VARIABLE = YES;
				MACOSX_DEPLOYMENT_TARGET = 26.0;
				MTL_ENABLE_DEBUG_INFO = INCLUDE_SOURCE;
				MTL_FAST_MATH = YES;
				ONLY_ACTIVE_ARCH = YES;
				PRODUCT_NAME = "$(TARGET_NAME)";
				SDKROOT = macosx;
				SWIFT_ACTIVE_COMPILATION_CONDITIONS = DEBUG;
				SWIFT_OPTIMIZATION_LEVEL = "-Onone";
				SWIFT_VERSION = 5.0;
			};
			name = Debug;
		};
		EB11604F34551195E27207E4 /* Release */ = {
			isa = XCBuildConfiguration;
			buildSettings = {
				ASSETCATALOG_COMPILER_APPICON_NAME = AppIcon;
				CODE_SIGN_ENTITLEMENTS = Config/TheBlackCat.entitlements;
				CODE_SIGN_STYLE = Automatic;
				COMBINE_HIDPI_IMAGES = YES;
				CURRENT_PROJECT_VERSION = 7;
				DEAD_CODE_STRIPPING = YES;
				DEVELOPMENT_TEAM = ERAK83QBBM;
				ENABLE_HARDENED_RUNTIME = YES;
				INFOPLIST_FILE = Config/Info.plist;
				LD_RUNPATH_SEARCH_PATHS = (
					"$(inherited)",
					"@executable_path/../Frameworks",
				);
				MACOSX_DEPLOYMENT_TARGET = 26.0;
				MARKETING_VERSION = 1.0;
				PRODUCT_BUNDLE_IDENTIFIER = app.andreapiani.theblackcat;
				PRODUCT_MODULE_NAME = TheBlackCat;
				PRODUCT_NAME = "The Black Cat";
				SDKROOT = macosx;
				SWIFT_VERSION = 5.0;
			};
			name = Release;
		};
		FD5AE17992F93DF99A8488CE /* Release */ = {
			isa = XCBuildConfiguration;
			buildSettings = {
				CODE_SIGN_ENTITLEMENTS = Config/TheBlackCatWidget.entitlements;
				CODE_SIGN_STYLE = Automatic;
				COMBINE_HIDPI_IMAGES = YES;
				CURRENT_PROJECT_VERSION = 7;
				DEAD_CODE_STRIPPING = YES;
				DEVELOPMENT_TEAM = ERAK83QBBM;
				ENABLE_HARDENED_RUNTIME = YES;
				INFOPLIST_FILE = "Config/Widget-Info.plist";
				LD_RUNPATH_SEARCH_PATHS = (
					"$(inherited)",
					"@executable_path/../Frameworks",
					"@executable_path/../../../../Frameworks",
				);
				MACOSX_DEPLOYMENT_TARGET = 26.0;
				MARKETING_VERSION = 1.0;
				PRODUCT_BUNDLE_IDENTIFIER = app.andreapiani.theblackcat.widget;
				PRODUCT_NAME = TheBlackCatWidget;
				SDKROOT = macosx;
				SKIP_INSTALL = YES;
				SWIFT_VERSION = 5.0;
			};
			name = Release;
		};
		FE91FE8E5D7526FD1ACBF972 /* Debug */ = {
			isa = XCBuildConfiguration;
			buildSettings = {
				CODE_SIGN_ENTITLEMENTS = Config/TheBlackCatWidget.entitlements;
				CODE_SIGN_STYLE = Automatic;
				COMBINE_HIDPI_IMAGES = YES;
				CURRENT_PROJECT_VERSION = 7;
				DEAD_CODE_STRIPPING = YES;
				DEVELOPMENT_TEAM = ERAK83QBBM;
				ENABLE_HARDENED_RUNTIME = YES;
				INFOPLIST_FILE = "Config/Widget-Info.plist";
				LD_RUNPATH_SEARCH_PATHS = (
					"$(inherited)",
					"@executable_path/../Frameworks",
					"@executable_path/../../../../Frameworks",
				);
				MACOSX_DEPLOYMENT_TARGET = 26.0;
				MARKETING_VERSION = 1.0;
				PRODUCT_BUNDLE_IDENTIFIER = app.andreapiani.theblackcat.widget;
				PRODUCT_NAME = TheBlackCatWidget;
				SDKROOT = macosx;
				SKIP_INSTALL = YES;
				SWIFT_VERSION = 5.0;
			};
			name = Debug;
		};
/* End XCBuildConfiguration section */

/* Begin XCConfigurationList section */
		59750171038D8C7F928A8D33 /* Build configuration list for PBXNativeTarget "TheBlackCat" */ = {
			isa = XCConfigurationList;
			buildConfigurations = (
				3957E3631E8DC9736982D4AD /* Debug */,
				EB11604F34551195E27207E4 /* Release */,
			);
			defaultConfigurationIsVisible = 0;
			defaultConfigurationName = Debug;
		};
		CC183EE671DD6548659673F4 /* Build configuration list for PBXProject "TheBlackCat" */ = {
			isa = XCConfigurationList;
			buildConfigurations = (
				A00B59940B96560D8B9CC4AE /* Debug */,
				04B7A1C66C2BCFFC332D0145 /* Release */,
			);
			defaultConfigurationIsVisible = 0;
			defaultConfigurationName = Debug;
		};
		DBC8C508AAD6FB7FE8610558 /* Build configuration list for PBXNativeTarget "TheBlackCatWidget" */ = {
			isa = XCConfigurationList;
			buildConfigurations = (
				FE91FE8E5D7526FD1ACBF972 /* Debug */,
				FD5AE17992F93DF99A8488CE /* Release */,
			);
			defaultConfigurationIsVisible = 0;
			defaultConfigurationName = Debug;
		};
		E901CB867D83E88D07785884 /* Build configuration list for PBXNativeTarget "TheBlackCatTests" */ = {
			isa = XCConfigurationList;
			buildConfigurations = (
				025E70BC339FF02439933BE3 /* Debug */,
				226CF2C165941AB681A661DF /* Release */,
			);
			defaultConfigurationIsVisible = 0;
			defaultConfigurationName = Debug;
		};
/* End XCConfigurationList section */
	};
	rootObject = F2FFD42B0EA077B134093900 /* Project object */;
}
